
Microsoft Visual Studio Solution File, Format Version 12.00
# Visual Studio Version 16
VisualStudioVersion = 16.0.31702.278
MinimumVisualStudioVersion = 10.0.40219.1
Project("{FAE04EC0-301F-11D3-BF4B-00C04F79EFBC}") = "ManterCursos", "ManterCursos.csproj", "{DDB1DA32-1F61-4CB6-8AF2-51A10A334B9D}"
EndProject
Global
	GlobalSection(SolutionConfigurationPlatforms) = preSolution
		Debug|Any CPU = Debug|Any CPU
		Release|Any CPU = Release|Any CPU
	EndGlobalSection
	GlobalSection(ProjectConfigurationPlatforms) = postSolution
		{DDB1DA32-1F61-4CB6-8AF2-51A10A334B9D}.Debug|Any CPU.ActiveCfg = Debug|Any CPU
		{DDB1DA32-1F61-4CB6-8AF2-51A10A334B9D}.Debug|Any CPU.Build.0 = Debug|Any CPU
		{DDB1DA32-1F61-4CB6-8AF2-51A10A334B9D}.Release|Any CPU.ActiveCfg = Release|Any CPU
		{DDB1DA32-1F61-4CB6-8AF2-51A10A334B9D}.Release|Any CPU.Build.0 = Release|Any CPU
	EndGlobalSection
	GlobalSection(SolutionProperties) = preSolution
		HideSolutionNode = FALSE
	EndGlobalSection
	GlobalSection(ExtensibilityGlobals) = postSolution
		SolutionGuid = {D9A9119A-AC00-4A17-B79F-29755DB2C534}
	EndGlobalSection
EndGlobal
